// !$*UTF8*$!
{
	archiveVersion = 1;
	classes = {
	};
	objectVersion = 50;
	objects = {

/* Begin PBXBuildFile section */
		28558D3AEAACEBCB537B812E /* libPods-CYToolkit.a in Frameworks */ = {isa = PBXBuildFile; fileRef = C14EC1C4B380C4897C1453EF /* libPods-CYToolkit.a */; };
		F206043A21BFC16C0016DD66 /* LYSmartImageView.m in Sources */ = {isa = PBXBuildFile; fileRef = F206043921BFC16C0016DD66 /* LYSmartImageView.m */; };
		F206044121BFC5270016DD66 /* CYBigImageView.m in Sources */ = {isa = PBXBuildFile; fileRef = F206044021BFC5270016DD66 /* CYBigImageView.m */; };
		F206044521C09C450016DD66 /* UIImageView+CYCategory.m in Sources */ = {isa = PBXBuildFile; fileRef = F206044421C09C450016DD66 /* UIImageView+CYCategory.m */; };
		F206044C21C0A6040016DD66 /* CYToastView.m in Sources */ = {isa = PBXBuildFile; fileRef = F206044B21C0A6040016DD66 /* CYToastView.m */; };
		F206045021C0AC480016DD66 /* UIImage+CYCategory.m in Sources */ = {isa = PBXBuildFile; fileRef = F206044F21C0AC480016DD66 /* UIImage+CYCategory.m */; };
		F267D7F7218FEFB70043C680 /* NSObject+CYCategory.m in Sources */ = {isa = PBXBuildFile; fileRef = F267D7F6218FEFB70043C680 /* NSObject+CYCategory.m */; };
		F2A38F60222E583A0036F827 /* CYVideoTool.m in Sources */ = {isa = PBXBuildFile; fileRef = F2A38F5F222E583A0036F827 /* CYVideoTool.m */; };
		F2A38F63222E61340036F827 /* CYVideoToolTestViewController.m in Sources */ = {isa = PBXBuildFile; fileRef = F2A38F62222E61340036F827 /* CYVideoToolTestViewController.m */; };
		F2A391752230BB730036F827 /* CYVideoRecorder.m in Sources */ = {isa = PBXBuildFile; fileRef = F2A391742230BB730036F827 /* CYVideoRecorder.m */; };
		F2A391782230BBA90036F827 /* CYVideoCompressor.m in Sources */ = {isa = PBXBuildFile; fileRef = F2A391772230BBA90036F827 /* CYVideoCompressor.m */; };
		F2A3917C2230BBBC0036F827 /* CYVideoPlayer.m in Sources */ = {isa = PBXBuildFile; fileRef = F2A3917B2230BBBC0036F827 /* CYVideoPlayer.m */; };
		F2A3917F2230BBEA0036F827 /* CYVoiceRecorder.m in Sources */ = {isa = PBXBuildFile; fileRef = F2A3917E2230BBEA0036F827 /* CYVoiceRecorder.m */; };
		F2A391822230BBF80036F827 /* CYVoiceCompressor.m in Sources */ = {isa = PBXBuildFile; fileRef = F2A391812230BBF80036F827 /* CYVoiceCompressor.m */; };
		F2A391852230BC060036F827 /* CYVoicePlayer.m in Sources */ = {isa = PBXBuildFile; fileRef = F2A391842230BC060036F827 /* CYVoicePlayer.m */; };
		F2A3918A2230CF1D0036F827 /* SDAVAssetExportSession.m in Sources */ = {isa = PBXBuildFile; fileRef = F2A391892230CF1D0036F827 /* SDAVAssetExportSession.m */; };
		F2A3918E223106120036F827 /* libmp3lame.a in Frameworks */ = {isa = PBXBuildFile; fileRef = F2A3918D223106110036F827 /* libmp3lame.a */; };
		F2A39199223112530036F827 /* CYVoiceTestViewController.m in Sources */ = {isa = PBXBuildFile; fileRef = F2A39197223112530036F827 /* CYVoiceTestViewController.m */; };
		F2A3919A223112530036F827 /* CYVoiceTestViewController.xib in Resources */ = {isa = PBXBuildFile; fileRef = F2A39198223112530036F827 /* CYVoiceTestViewController.xib */; };
		F2A3919F2231127B0036F827 /* CYVideoTestViewController.m in Sources */ = {isa = PBXBuildFile; fileRef = F2A3919D2231127B0036F827 /* CYVideoTestViewController.m */; };
		F2A391A02231127B0036F827 /* CYVideoTestViewController.xib in Resources */ = {isa = PBXBuildFile; fileRef = F2A3919E2231127B0036F827 /* CYVideoTestViewController.xib */; };
		F2E46DB6216AECBC0066A068 /* AppDelegate.m in Sources */ = {isa = PBXBuildFile; fileRef = F2E46DB5216AECBC0066A068 /* AppDelegate.m */; };
		F2E46DB9216AECBC0066A068 /* ViewController.m in Sources */ = {isa = PBXBuildFile; fileRef = F2E46DB8216AECBC0066A068 /* ViewController.m */; };
		F2E46DBC216AECBC0066A068 /* Main.storyboard in Resources */ = {isa = PBXBuildFile; fileRef = F2E46DBA216AECBC0066A068 /* Main.storyboard */; };
		F2E46DBE216AECBD0066A068 /* Assets.xcassets in Resources */ = {isa = PBXBuildFile; fileRef = F2E46DBD216AECBD0066A068 /* Assets.xcassets */; };
		F2E46DC1216AECBD0066A068 /* LaunchScreen.storyboard in Resources */ = {isa = PBXBuildFile; fileRef = F2E46DBF216AECBD0066A068 /* LaunchScreen.storyboard */; };
		F2E46DC4216AECBD0066A068 /* main.m in Sources */ = {isa = PBXBuildFile; fileRef = F2E46DC3216AECBD0066A068 /* main.m */; };
		F2E46DCE216AECBD0066A068 /* CYToolkitTests.m in Sources */ = {isa = PBXBuildFile; fileRef = F2E46DCD216AECBD0066A068 /* CYToolkitTests.m */; };
		F2E46DD9216AECBD0066A068 /* CYToolkitUITests.m in Sources */ = {isa = PBXBuildFile; fileRef = F2E46DD8216AECBD0066A068 /* CYToolkitUITests.m */; };
		F2E46DEC216AF4FD0066A068 /* CYLocation.m in Sources */ = {isa = PBXBuildFile; fileRef = F2E46DEB216AF4FD0066A068 /* CYLocation.m */; };
		F2E46DEF216AF6400066A068 /* UIDevice+CYCategory.m in Sources */ = {isa = PBXBuildFile; fileRef = F2E46DEE216AF6400066A068 /* UIDevice+CYCategory.m */; };
		F2E46DF2216AF68E0066A068 /* CYIdfa.m in Sources */ = {isa = PBXBuildFile; fileRef = F2E46DF1216AF68E0066A068 /* CYIdfa.m */; };
		F2E46DF5216AF7030066A068 /* CYKeychain.m in Sources */ = {isa = PBXBuildFile; fileRef = F2E46DF4216AF7030066A068 /* CYKeychain.m */; };
		F2E46DF8216AF7D10066A068 /* CLLocation+CYCategory.m in Sources */ = {isa = PBXBuildFile; fileRef = F2E46DF7216AF7D10066A068 /* CLLocation+CYCategory.m */; };
		F2E46DFB216AF8D70066A068 /* CAAnimation+CYCategory.m in Sources */ = {isa = PBXBuildFile; fileRef = F2E46DFA216AF8D70066A068 /* CAAnimation+CYCategory.m */; };
		F2E46E0A216AFA900066A068 /* NSDate+CYCategory.m in Sources */ = {isa = PBXBuildFile; fileRef = F2E46E09216AFA900066A068 /* NSDate+CYCategory.m */; };
		F2E46E0D216AFAF90066A068 /* NSDecimalNumber+CYCategory.m in Sources */ = {isa = PBXBuildFile; fileRef = F2E46E0C216AFAF90066A068 /* NSDecimalNumber+CYCategory.m */; };
		F2E46E13216AFC940066A068 /* NSString+CYCategory.m in Sources */ = {isa = PBXBuildFile; fileRef = F2E46E12216AFC940066A068 /* NSString+CYCategory.m */; };
		F2E46E16216AFD480066A068 /* UIButton+CYCategory.m in Sources */ = {isa = PBXBuildFile; fileRef = F2E46E15216AFD480066A068 /* UIButton+CYCategory.m */; };
		F2E46E19216AFD840066A068 /* UIColor+CYCategory.m in Sources */ = {isa = PBXBuildFile; fileRef = F2E46E18216AFD840066A068 /* UIColor+CYCategory.m */; };
		F2E46E1C216AFDC20066A068 /* UIFont+CYCategory.m in Sources */ = {isa = PBXBuildFile; fileRef = F2E46E1B216AFDC20066A068 /* UIFont+CYCategory.m */; };
		F2E46E1F216AFFA10066A068 /* UIView+CYCategory.m in Sources */ = {isa = PBXBuildFile; fileRef = F2E46E1E216AFFA10066A068 /* UIView+CYCategory.m */; };
		F2E46E22216B01170066A068 /* UIWebView+CYCategory.m in Sources */ = {isa = PBXBuildFile; fileRef = F2E46E21216B01170066A068 /* UIWebView+CYCategory.m */; };
		F2E46E2E216B22AF0066A068 /* UIViewController+CYCategory.m in Sources */ = {isa = PBXBuildFile; fileRef = F2E46E2D216B22AF0066A068 /* UIViewController+CYCategory.m */; };
		F2F6C12E216DE88F00B5DD2E /* CYCompatible.m in Sources */ = {isa = PBXBuildFile; fileRef = F2F6C12D216DE88F00B5DD2E /* CYCompatible.m */; };
/* End PBXBuildFile section */

/* Begin PBXContainerItemProxy section */
		F2E46DCA216AECBD0066A068 /* PBXContainerItemProxy */ = {
			isa = PBXContainerItemProxy;
			containerPortal = F2E46DA9216AECBC0066A068 /* Project object */;
			proxyType = 1;
			remoteGlobalIDString = F2E46DB0216AECBC0066A068;
			remoteInfo = CYToolkit;
		};
		F2E46DD5216AECBD0066A068 /* PBXContainerItemProxy */ = {
			isa = PBXContainerItemProxy;
			containerPortal = F2E46DA9216AECBC0066A068 /* Project object */;
			proxyType = 1;
			remoteGlobalIDString = F2E46DB0216AECBC0066A068;
			remoteInfo = CYToolkit;
		};
/* End PBXContainerItemProxy section */

/* Begin PBXFileReference section */
		0B49B4CFF47C7F854DFCB5C1 /* Pods-CYToolkit.debug.xcconfig */ = {isa = PBXFileReference; includeInIndex = 1; lastKnownFileType = text.xcconfig; name = "Pods-CYToolkit.debug.xcconfig"; path = "Pods/Target Support Files/Pods-CYToolkit/Pods-CYToolkit.debug.xcconfig"; sourceTree = "<group>"; };
		501CF6E5202CBA7199034EE8 /* Pods-CYToolkit.release.xcconfig */ = {isa = PBXFileReference; includeInIndex = 1; lastKnownFileType = text.xcconfig; name = "Pods-CYToolkit.release.xcconfig"; path = "Pods/Target Support Files/Pods-CYToolkit/Pods-CYToolkit.release.xcconfig"; sourceTree = "<group>"; };
		C14EC1C4B380C4897C1453EF /* libPods-CYToolkit.a */ = {isa = PBXFileReference; explicitFileType = archive.ar; includeInIndex = 0; path = "libPods-CYToolkit.a"; sourceTree = BUILT_PRODUCTS_DIR; };
		F206043821BFC16C0016DD66 /* LYSmartImageView.h */ = {isa = PBXFileReference; fileEncoding = 4; lastKnownFileType = sourcecode.c.h; path = LYSmartImageView.h; sourceTree = "<group>"; };
		F206043921BFC16C0016DD66 /* LYSmartImageView.m */ = {isa = PBXFileReference; fileEncoding = 4; lastKnownFileType = sourcecode.c.objc; path = LYSmartImageView.m; sourceTree = "<group>"; };
		F206043F21BFC5270016DD66 /* CYBigImageView.h */ = {isa = PBXFileReference; lastKnownFileType = sourcecode.c.h; path = CYBigImageView.h; sourceTree = "<group>"; };
		F206044021BFC5270016DD66 /* CYBigImageView.m */ = {isa = PBXFileReference; lastKnownFileType = sourcecode.c.objc; path = CYBigImageView.m; sourceTree = "<group>"; };
		F206044321C09C450016DD66 /* UIImageView+CYCategory.h */ = {isa = PBXFileReference; lastKnownFileType = sourcecode.c.h; path = "UIImageView+CYCategory.h"; sourceTree = "<group>"; };
		F206044421C09C450016DD66 /* UIImageView+CYCategory.m */ = {isa = PBXFileReference; lastKnownFileType = sourcecode.c.objc; path = "UIImageView+CYCategory.m"; sourceTree = "<group>"; };
		F206044A21C0A6040016DD66 /* CYToastView.h */ = {isa = PBXFileReference; lastKnownFileType = sourcecode.c.h; path = CYToastView.h; sourceTree = "<group>"; };
		F206044B21C0A6040016DD66 /* CYToastView.m */ = {isa = PBXFileReference; lastKnownFileType = sourcecode.c.objc; path = CYToastView.m; sourceTree = "<group>"; };
		F206044E21C0AC480016DD66 /* UIImage+CYCategory.h */ = {isa = PBXFileReference; lastKnownFileType = sourcecode.c.h; path = "UIImage+CYCategory.h"; sourceTree = "<group>"; };
		F206044F21C0AC480016DD66 /* UIImage+CYCategory.m */ = {isa = PBXFileReference; lastKnownFileType = sourcecode.c.objc; path = "UIImage+CYCategory.m"; sourceTree = "<group>"; };
		F2458D58219406070094C41E /* CYDefinitions.h */ = {isa = PBXFileReference; lastKnownFileType = sourcecode.c.h; path = CYDefinitions.h; sourceTree = "<group>"; };
		F267D7F5218FEFB70043C680 /* NSObject+CYCategory.h */ = {isa = PBXFileReference; lastKnownFileType = sourcecode.c.h; path = "NSObject+CYCategory.h"; sourceTree = "<group>"; };
		F267D7F6218FEFB70043C680 /* NSObject+CYCategory.m */ = {isa = PBXFileReference; lastKnownFileType = sourcecode.c.objc; path = "NSObject+CYCategory.m"; sourceTree = "<group>"; };
		F2A38F5E222E583A0036F827 /* CYVideoTool.h */ = {isa = PBXFileReference; lastKnownFileType = sourcecode.c.h; path = CYVideoTool.h; sourceTree = "<group>"; };
		F2A38F5F222E583A0036F827 /* CYVideoTool.m */ = {isa = PBXFileReference; lastKnownFileType = sourcecode.c.objc; path = CYVideoTool.m; sourceTree = "<group>"; };
		F2A38F61222E61340036F827 /* CYVideoToolTestViewController.h */ = {isa = PBXFileReference; lastKnownFileType = sourcecode.c.h; path = CYVideoToolTestViewController.h; sourceTree = "<group>"; };
		F2A38F62222E61340036F827 /* CYVideoToolTestViewController.m */ = {isa = PBXFileReference; lastKnownFileType = sourcecode.c.objc; path = CYVideoToolTestViewController.m; sourceTree = "<group>"; };
		F2A391732230BB720036F827 /* CYVideoRecorder.h */ = {isa = PBXFileReference; lastKnownFileType = sourcecode.c.h; path = CYVideoRecorder.h; sourceTree = "<group>"; };
		F2A391742230BB730036F827 /* CYVideoRecorder.m */ = {isa = PBXFileReference; lastKnownFileType = sourcecode.c.objc; path = CYVideoRecorder.m; sourceTree = "<group>"; };
		F2A391762230BBA90036F827 /* CYVideoCompressor.h */ = {isa = PBXFileReference; lastKnownFileType = sourcecode.c.h; path = CYVideoCompressor.h; sourceTree = "<group>"; };
		F2A391772230BBA90036F827 /* CYVideoCompressor.m */ = {isa = PBXFileReference; lastKnownFileType = sourcecode.c.objc; path = CYVideoCompressor.m; sourceTree = "<group>"; };
		F2A3917A2230BBBC0036F827 /* CYVideoPlayer.h */ = {isa = PBXFileReference; lastKnownFileType = sourcecode.c.h; path = CYVideoPlayer.h; sourceTree = "<group>"; };
		F2A3917B2230BBBC0036F827 /* CYVideoPlayer.m */ = {isa = PBXFileReference; lastKnownFileType = sourcecode.c.objc; path = CYVideoPlayer.m; sourceTree = "<group>"; };
		F2A3917D2230BBEA0036F827 /* CYVoiceRecorder.h */ = {isa = PBXFileReference; lastKnownFileType = sourcecode.c.h; path = CYVoiceRecorder.h; sourceTree = "<group>"; };
		F2A3917E2230BBEA0036F827 /* CYVoiceRecorder.m */ = {isa = PBXFileReference; lastKnownFileType = sourcecode.c.objc; path = CYVoiceRecorder.m; sourceTree = "<group>"; };
		F2A391802230BBF80036F827 /* CYVoiceCompressor.h */ = {isa = PBXFileReference; lastKnownFileType = sourcecode.c.h; path = CYVoiceCompressor.h; sourceTree = "<group>"; };
		F2A391812230BBF80036F827 /* CYVoiceCompressor.m */ = {isa = PBXFileReference; lastKnownFileType = sourcecode.c.objc; path = CYVoiceCompressor.m; sourceTree = "<group>"; };
		F2A391832230BC060036F827 /* CYVoicePlayer.h */ = {isa = PBXFileReference; lastKnownFileType = sourcecode.c.h; path = CYVoicePlayer.h; sourceTree = "<group>"; };
		F2A391842230BC060036F827 /* CYVoicePlayer.m */ = {isa = PBXFileReference; lastKnownFileType = sourcecode.c.objc; path = CYVoicePlayer.m; sourceTree = "<group>"; };
		F2A391882230CF1D0036F827 /* SDAVAssetExportSession.h */ = {isa = PBXFileReference; fileEncoding = 4; lastKnownFileType = sourcecode.c.h; path = SDAVAssetExportSession.h; sourceTree = "<group>"; };
		F2A391892230CF1D0036F827 /* SDAVAssetExportSession.m */ = {isa = PBXFileReference; fileEncoding = 4; lastKnownFileType = sourcecode.c.objc; path = SDAVAssetExportSession.m; sourceTree = "<group>"; };
		F2A3918C223106110036F827 /* lame.h */ = {isa = PBXFileReference; fileEncoding = 4; lastKnownFileType = sourcecode.c.h; path = lame.h; sourceTree = "<group>"; };
		F2A3918D223106110036F827 /* libmp3lame.a */ = {isa = PBXFileReference; lastKnownFileType = archive.ar; path = libmp3lame.a; sourceTree = "<group>"; };
		F2A3918F2231114B0036F827 /* CYAvTools.h */ = {isa = PBXFileReference; lastKnownFileType = sourcecode.c.h; path = CYAvTools.h; sourceTree = "<group>"; };
		F2A39196223112530036F827 /* CYVoiceTestViewController.h */ = {isa = PBXFileReference; lastKnownFileType = sourcecode.c.h; path = CYVoiceTestViewController.h; sourceTree = "<group>"; };
		F2A39197223112530036F827 /* CYVoiceTestViewController.m */ = {isa = PBXFileReference; lastKnownFileType = sourcecode.c.objc; path = CYVoiceTestViewController.m; sourceTree = "<group>"; };
		F2A39198223112530036F827 /* CYVoiceTestViewController.xib */ = {isa = PBXFileReference; lastKnownFileType = file.xib; path = CYVoiceTestViewController.xib; sourceTree = "<group>"; };
		F2A3919C2231127B0036F827 /* CYVideoTestViewController.h */ = {isa = PBXFileReference; lastKnownFileType = sourcecode.c.h; path = CYVideoTestViewController.h; sourceTree = "<group>"; };
		F2A3919D2231127B0036F827 /* CYVideoTestViewController.m */ = {isa = PBXFileReference; lastKnownFileType = sourcecode.c.objc; path = CYVideoTestViewController.m; sourceTree = "<group>"; };
		F2A3919E2231127B0036F827 /* CYVideoTestViewController.xib */ = {isa = PBXFileReference; lastKnownFileType = file.xib; path = CYVideoTestViewController.xib; sourceTree = "<group>"; };
		F2E46DB1216AECBC0066A068 /* CYToolkit.app */ = {isa = PBXFileReference; explicitFileType = wrapper.application; includeInIndex = 0; path = CYToolkit.app; sourceTree = BUILT_PRODUCTS_DIR; };
		F2E46DB4216AECBC0066A068 /* AppDelegate.h */ = {isa = PBXFileReference; lastKnownFileType = sourcecode.c.h; path = AppDelegate.h; sourceTree = "<group>"; };
		F2E46DB5216AECBC0066A068 /* AppDelegate.m */ = {isa = PBXFileReference; lastKnownFileType = sourcecode.c.objc; path = AppDelegate.m; sourceTree = "<group>"; };
		F2E46DB7216AECBC0066A068 /* ViewController.h */ = {isa = PBXFileReference; lastKnownFileType = sourcecode.c.h; path = ViewController.h; sourceTree = "<group>"; };
		F2E46DB8216AECBC0066A068 /* ViewController.m */ = {isa = PBXFileReference; lastKnownFileType = sourcecode.c.objc; path = ViewController.m; sourceTree = "<group>"; };
		F2E46DBB216AECBC0066A068 /* Base */ = {isa = PBXFileReference; lastKnownFileType = file.storyboard; name = Base; path = Base.lproj/Main.storyboard; sourceTree = "<group>"; };
		F2E46DBD216AECBD0066A068 /* Assets.xcassets */ = {isa = PBXFileReference; lastKnownFileType = folder.assetcatalog; path = Assets.xcassets; sourceTree = "<group>"; };
		F2E46DC0216AECBD0066A068 /* Base */ = {isa = PBXFileReference; lastKnownFileType = file.storyboard; name = Base; path = Base.lproj/LaunchScreen.storyboard; sourceTree = "<group>"; };
		F2E46DC2216AECBD0066A068 /* Info.plist */ = {isa = PBXFileReference; lastKnownFileType = text.plist.xml; path = Info.plist; sourceTree = "<group>"; };
		F2E46DC3216AECBD0066A068 /* main.m */ = {isa = PBXFileReference; lastKnownFileType = sourcecode.c.objc; path = main.m; sourceTree = "<group>"; };
		F2E46DC9216AECBD0066A068 /* CYToolkitTests.xctest */ = {isa = PBXFileReference; explicitFileType = wrapper.cfbundle; includeInIndex = 0; path = CYToolkitTests.xctest; sourceTree = BUILT_PRODUCTS_DIR; };
		F2E46DCD216AECBD0066A068 /* CYToolkitTests.m */ = {isa = PBXFileReference; lastKnownFileType = sourcecode.c.objc; path = CYToolkitTests.m; sourceTree = "<group>"; };
		F2E46DCF216AECBD0066A068 /* Info.plist */ = {isa = PBXFileReference; lastKnownFileType = text.plist.xml; path = Info.plist; sourceTree = "<group>"; };
		F2E46DD4216AECBD0066A068 /* CYToolkitUITests.xctest */ = {isa = PBXFileReference; explicitFileType = wrapper.cfbundle; includeInIndex = 0; path = CYToolkitUITests.xctest; sourceTree = BUILT_PRODUCTS_DIR; };
		F2E46DD8216AECBD0066A068 /* CYToolkitUITests.m */ = {isa = PBXFileReference; lastKnownFileType = sourcecode.c.objc; path = CYToolkitUITests.m; sourceTree = "<group>"; };
		F2E46DDA216AECBD0066A068 /* Info.plist */ = {isa = PBXFileReference; lastKnownFileType = text.plist.xml; path = Info.plist; sourceTree = "<group>"; };
		F2E46DEA216AF4FD0066A068 /* CYLocation.h */ = {isa = PBXFileReference; lastKnownFileType = sourcecode.c.h; path = CYLocation.h; sourceTree = "<group>"; };
		F2E46DEB216AF4FD0066A068 /* CYLocation.m */ = {isa = PBXFileReference; lastKnownFileType = sourcecode.c.objc; path = CYLocation.m; sourceTree = "<group>"; };
		F2E46DED216AF6400066A068 /* UIDevice+CYCategory.h */ = {isa = PBXFileReference; lastKnownFileType = sourcecode.c.h; path = "UIDevice+CYCategory.h"; sourceTree = "<group>"; };
		F2E46DEE216AF6400066A068 /* UIDevice+CYCategory.m */ = {isa = PBXFileReference; lastKnownFileType = sourcecode.c.objc; path = "UIDevice+CYCategory.m"; sourceTree = "<group>"; };
		F2E46DF0216AF68E0066A068 /* CYIdfa.h */ = {isa = PBXFileReference; lastKnownFileType = sourcecode.c.h; path = CYIdfa.h; sourceTree = "<group>"; };
		F2E46DF1216AF68E0066A068 /* CYIdfa.m */ = {isa = PBXFileReference; lastKnownFileType = sourcecode.c.objc; path = CYIdfa.m; sourceTree = "<group>"; };
		F2E46DF3216AF7030066A068 /* CYKeychain.h */ = {isa = PBXFileReference; lastKnownFileType = sourcecode.c.h; path = CYKeychain.h; sourceTree = "<group>"; };
		F2E46DF4216AF7030066A068 /* CYKeychain.m */ = {isa = PBXFileReference; lastKnownFileType = sourcecode.c.objc; path = CYKeychain.m; sourceTree = "<group>"; };
		F2E46DF6216AF7D10066A068 /* CLLocation+CYCategory.h */ = {isa = PBXFileReference; lastKnownFileType = sourcecode.c.h; path = "CLLocation+CYCategory.h"; sourceTree = "<group>"; };
		F2E46DF7216AF7D10066A068 /* CLLocation+CYCategory.m */ = {isa = PBXFileReference; lastKnownFileType = sourcecode.c.objc; path = "CLLocation+CYCategory.m"; sourceTree = "<group>"; };
		F2E46DF9216AF8D70066A068 /* CAAnimation+CYCategory.h */ = {isa = PBXFileReference; lastKnownFileType = sourcecode.c.h; path = "CAAnimation+CYCategory.h"; sourceTree = "<group>"; };
		F2E46DFA216AF8D70066A068 /* CAAnimation+CYCategory.m */ = {isa = PBXFileReference; lastKnownFileType = sourcecode.c.objc; path = "CAAnimation+CYCategory.m"; sourceTree = "<group>"; };
		F2E46E08216AFA900066A068 /* NSDate+CYCategory.h */ = {isa = PBXFileReference; lastKnownFileType = sourcecode.c.h; path = "NSDate+CYCategory.h"; sourceTree = "<group>"; };
		F2E46E09216AFA900066A068 /* NSDate+CYCategory.m */ = {isa = PBXFileReference; lastKnownFileType = sourcecode.c.objc; path = "NSDate+CYCategory.m"; sourceTree = "<group>"; };
		F2E46E0B216AFAF90066A068 /* NSDecimalNumber+CYCategory.h */ = {isa = PBXFileReference; lastKnownFileType = sourcecode.c.h; path = "NSDecimalNumber+CYCategory.h"; sourceTree = "<group>"; };
		F2E46E0C216AFAF90066A068 /* NSDecimalNumber+CYCategory.m */ = {isa = PBXFileReference; lastKnownFileType = sourcecode.c.objc; path = "NSDecimalNumber+CYCategory.m"; sourceTree = "<group>"; };
		F2E46E11216AFC940066A068 /* NSString+CYCategory.h */ = {isa = PBXFileReference; lastKnownFileType = sourcecode.c.h; path = "NSString+CYCategory.h"; sourceTree = "<group>"; };
		F2E46E12216AFC940066A068 /* NSString+CYCategory.m */ = {isa = PBXFileReference; lastKnownFileType = sourcecode.c.objc; path = "NSString+CYCategory.m"; sourceTree = "<group>"; };
		F2E46E14216AFD480066A068 /* UIButton+CYCategory.h */ = {isa = PBXFileReference; lastKnownFileType = sourcecode.c.h; path = "UIButton+CYCategory.h"; sourceTree = "<group>"; };
		F2E46E15216AFD480066A068 /* UIButton+CYCategory.m */ = {isa = PBXFileReference; lastKnownFileType = sourcecode.c.objc; path = "UIButton+CYCategory.m"; sourceTree = "<group>"; };
		F2E46E17216AFD840066A068 /* UIColor+CYCategory.h */ = {isa = PBXFileReference; lastKnownFileType = sourcecode.c.h; path = "UIColor+CYCategory.h"; sourceTree = "<group>"; };
		F2E46E18216AFD840066A068 /* UIColor+CYCategory.m */ = {isa = PBXFileReference; lastKnownFileType = sourcecode.c.objc; path = "UIColor+CYCategory.m"; sourceTree = "<group>"; };
		F2E46E1A216AFDC20066A068 /* UIFont+CYCategory.h */ = {isa = PBXFileReference; lastKnownFileType = sourcecode.c.h; path = "UIFont+CYCategory.h"; sourceTree = "<group>"; };
		F2E46E1B216AFDC20066A068 /* UIFont+CYCategory.m */ = {isa = PBXFileReference; lastKnownFileType = sourcecode.c.objc; path = "UIFont+CYCategory.m"; sourceTree = "<group>"; };
		F2E46E1D216AFFA10066A068 /* UIView+CYCategory.h */ = {isa = PBXFileReference; lastKnownFileType = sourcecode.c.h; path = "UIView+CYCategory.h"; sourceTree = "<group>"; };
		F2E46E1E216AFFA10066A068 /* UIView+CYCategory.m */ = {isa = PBXFileReference; lastKnownFileType = sourcecode.c.objc; path = "UIView+CYCategory.m"; sourceTree = "<group>"; };
		F2E46E20216B01170066A068 /* UIWebView+CYCategory.h */ = {isa = PBXFileReference; lastKnownFileType = sourcecode.c.h; path = "UIWebView+CYCategory.h"; sourceTree = "<group>"; };
		F2E46E21216B01170066A068 /* UIWebView+CYCategory.m */ = {isa = PBXFileReference; lastKnownFileType = sourcecode.c.objc; path = "UIWebView+CYCategory.m"; sourceTree = "<group>"; };
		F2E46E2C216B22AF0066A068 /* UIViewController+CYCategory.h */ = {isa = PBXFileReference; lastKnownFileType = sourcecode.c.h; path = "UIViewController+CYCategory.h"; sourceTree = "<group>"; };
		F2E46E2D216B22AF0066A068 /* UIViewController+CYCategory.m */ = {isa = PBXFileReference; lastKnownFileType = sourcecode.c.objc; path = "UIViewController+CYCategory.m"; sourceTree = "<group>"; };
		F2E46E2F216B29C40066A068 /* CYToolkit.h */ = {isa = PBXFileReference; lastKnownFileType = sourcecode.c.h; path = CYToolkit.h; sourceTree = "<group>"; };
		F2F6C12C216DE88F00B5DD2E /* CYCompatible.h */ = {isa = PBXFileReference; lastKnownFileType = sourcecode.c.h; path = CYCompatible.h; sourceTree = "<group>"; };
		F2F6C12D216DE88F00B5DD2E /* CYCompatible.m */ = {isa = PBXFileReference; lastKnownFileType = sourcecode.c.objc; path = CYCompatible.m; sourceTree = "<group>"; };
/* End PBXFileReference section */

/* Begin PBXFrameworksBuildPhase section */
		F2E46DAE216AECBC0066A068 /* Frameworks */ = {
			isa = PBXFrameworksBuildPhase;
			buildActionMask = 2147483647;
			files = (
				28558D3AEAACEBCB537B812E /* libPods-CYToolkit.a in Frameworks */,
				F2A3918E223106120036F827 /* libmp3lame.a in Frameworks */,
			);
			runOnlyForDeploymentPostprocessing = 0;
		};
		F2E46DC6216AECBD0066A068 /* Frameworks */ = {
			isa = PBXFrameworksBuildPhase;
			buildActionMask = 2147483647;
			files = (
			);
			runOnlyForDeploymentPostprocessing = 0;
		};
		F2E46DD1216AECBD0066A068 /* Frameworks */ = {
			isa = PBXFrameworksBuildPhase;
			buildActionMask = 2147483647;
			files = (
			);
			runOnlyForDeploymentPostprocessing = 0;
		};
/* End PBXFrameworksBuildPhase section */

/* Begin PBXGroup section */
		EDA134C4310EF9115D2546B5 /* Pods */ = {
			isa = PBXGroup;
			children = (
				0B49B4CFF47C7F854DFCB5C1 /* Pods-CYToolkit.debug.xcconfig */,
				501CF6E5202CBA7199034EE8 /* Pods-CYToolkit.release.xcconfig */,
			);
			name = Pods;
			sourceTree = "<group>";
		};
		F206043B21BFC4D60016DD66 /* BigImageView */ = {
			isa = PBXGroup;
			children = (
				F206043F21BFC5270016DD66 /* CYBigImageView.h */,
				F206044021BFC5270016DD66 /* CYBigImageView.m */,
			);
			path = BigImageView;
			sourceTree = "<group>";
		};
		F206044221C09C140016DD66 /* UIImageView */ = {
			isa = PBXGroup;
			children = (
				F206044321C09C450016DD66 /* UIImageView+CYCategory.h */,
				F206044421C09C450016DD66 /* UIImageView+CYCategory.m */,
				F206043B21BFC4D60016DD66 /* BigImageView */,
			);
			path = UIImageView;
			sourceTree = "<group>";
		};
		F206044D21C0AC150016DD66 /* UIImage */ = {
			isa = PBXGroup;
			children = (
				F206044E21C0AC480016DD66 /* UIImage+CYCategory.h */,
				F206044F21C0AC480016DD66 /* UIImage+CYCategory.m */,
			);
			path = UIImage;
			sourceTree = "<group>";
		};
		F267D7F4218FEF8A0043C680 /* NSObject */ = {
			isa = PBXGroup;
			children = (
				F267D7F5218FEFB70043C680 /* NSObject+CYCategory.h */,
				F267D7F6218FEFB70043C680 /* NSObject+CYCategory.m */,
			);
			path = NSObject;
			sourceTree = "<group>";
		};
		F2A38F5D222E57F60036F827 /* Tools */ = {
			isa = PBXGroup;
			children = (
				F2A3918F2231114B0036F827 /* CYAvTools.h */,
				F2A3916C2230AABF0036F827 /* Voice */,
				F2A3916B2230AAB80036F827 /* Video */,
				F2A3916A2230AAAE0036F827 /* Camera */,
			);
			path = Tools;
			sourceTree = "<group>";
		};
		F2A3916A2230AAAE0036F827 /* Camera */ = {
			isa = PBXGroup;
			children = (
				F2A38F5E222E583A0036F827 /* CYVideoTool.h */,
				F2A38F5F222E583A0036F827 /* CYVideoTool.m */,
			);
			path = Camera;
			sourceTree = "<group>";
		};
		F2A3916B2230AAB80036F827 /* Video */ = {
			isa = PBXGroup;
			children = (
				F2A391722230BB210036F827 /* Recorder */,
				F2A391712230BB1A0036F827 /* Compressor */,
				F2A391702230BB0C0036F827 /* Player */,
			);
			path = Video;
			sourceTree = "<group>";
		};
		F2A3916C2230AABF0036F827 /* Voice */ = {
			isa = PBXGroup;
			children = (
				F2A3916D2230BACE0036F827 /* Recorder */,
				F2A3916E2230BADA0036F827 /* Compress */,
				F2A3916F2230BAFF0036F827 /* Player */,
			);
			path = Voice;
			sourceTree = "<group>";
		};
		F2A3916D2230BACE0036F827 /* Recorder */ = {
			isa = PBXGroup;
			children = (
				F2A3917D2230BBEA0036F827 /* CYVoiceRecorder.h */,
				F2A3917E2230BBEA0036F827 /* CYVoiceRecorder.m */,
			);
			path = Recorder;
			sourceTree = "<group>";
		};
		F2A3916E2230BADA0036F827 /* Compress */ = {
			isa = PBXGroup;
			children = (
				F2A391802230BBF80036F827 /* CYVoiceCompressor.h */,
				F2A391812230BBF80036F827 /* CYVoiceCompressor.m */,
				F2A3918B223105FF0036F827 /* Lame */,
			);
			path = Compress;
			sourceTree = "<group>";
		};
		F2A3916F2230BAFF0036F827 /* Player */ = {
			isa = PBXGroup;
			children = (
				F2A391832230BC060036F827 /* CYVoicePlayer.h */,
				F2A391842230BC060036F827 /* CYVoicePlayer.m */,
			);
			path = Player;
			sourceTree = "<group>";
		};
		F2A391702230BB0C0036F827 /* Player */ = {
			isa = PBXGroup;
			children = (
				F2A3917A2230BBBC0036F827 /* CYVideoPlayer.h */,
				F2A3917B2230BBBC0036F827 /* CYVideoPlayer.m */,
			);
			path = Player;
			sourceTree = "<group>";
		};
		F2A391712230BB1A0036F827 /* Compressor */ = {
			isa = PBXGroup;
			children = (
				F2A391762230BBA90036F827 /* CYVideoCompressor.h */,
				F2A391772230BBA90036F827 /* CYVideoCompressor.m */,
				F2A391872230CEF80036F827 /* SDAVAsset */,
			);
			path = Compressor;
			sourceTree = "<group>";
		};
		F2A391722230BB210036F827 /* Recorder */ = {
			isa = PBXGroup;
			children = (
				F2A391732230BB720036F827 /* CYVideoRecorder.h */,
				F2A391742230BB730036F827 /* CYVideoRecorder.m */,
			);
			path = Recorder;
			sourceTree = "<group>";
		};
		F2A391872230CEF80036F827 /* SDAVAsset */ = {
			isa = PBXGroup;
			children = (
				F2A391882230CF1D0036F827 /* SDAVAssetExportSession.h */,
				F2A391892230CF1D0036F827 /* SDAVAssetExportSession.m */,
			);
			path = SDAVAsset;
			sourceTree = "<group>";
		};
		F2A3918B223105FF0036F827 /* Lame */ = {
			isa = PBXGroup;
			children = (
				F2A3918C223106110036F827 /* lame.h */,
				F2A3918D223106110036F827 /* libmp3lame.a */,
			);
			path = Lame;
			sourceTree = "<group>";
		};
		F2A39190223111C10036F827 /* Test */ = {
			isa = PBXGroup;
			children = (
				F2A3919B2231125B0036F827 /* Video */,
				F2A39195223112260036F827 /* Voice */,
				F2A391942231121E0036F827 /* Camera */,
			);
			path = Test;
			sourceTree = "<group>";
		};
		F2A391942231121E0036F827 /* Camera */ = {
			isa = PBXGroup;
			children = (
				F2A38F61222E61340036F827 /* CYVideoToolTestViewController.h */,
				F2A38F62222E61340036F827 /* CYVideoToolTestViewController.m */,
			);
			path = Camera;
			sourceTree = "<group>";
		};
		F2A39195223112260036F827 /* Voice */ = {
			isa = PBXGroup;
			children = (
				F2A39196223112530036F827 /* CYVoiceTestViewController.h */,
				F2A39197223112530036F827 /* CYVoiceTestViewController.m */,
				F2A39198223112530036F827 /* CYVoiceTestViewController.xib */,
			);
			path = Voice;
			sourceTree = "<group>";
		};
		F2A3919B2231125B0036F827 /* Video */ = {
			isa = PBXGroup;
			children = (
				F2A3919C2231127B0036F827 /* CYVideoTestViewController.h */,
				F2A3919D2231127B0036F827 /* CYVideoTestViewController.m */,
				F2A3919E2231127B0036F827 /* CYVideoTestViewController.xib */,
			);
			path = Video;
			sourceTree = "<group>";
		};
		F2E46DA8216AECBC0066A068 = {
			isa = PBXGroup;
			children = (
				F206043821BFC16C0016DD66 /* LYSmartImageView.h */,
				F206043921BFC16C0016DD66 /* LYSmartImageView.m */,
				F2E46DE6216AF4A40066A068 /* Classes */,
				F2E46DB3216AECBC0066A068 /* CYToolkit */,
				F2E46DCC216AECBD0066A068 /* CYToolkitTests */,
				F2E46DD7216AECBD0066A068 /* CYToolkitUITests */,
				F2E46DB2216AECBC0066A068 /* Products */,
				EDA134C4310EF9115D2546B5 /* Pods */,
				FE56527DA585D6F9C1929DC2 /* Frameworks */,
			);
			sourceTree = "<group>";
		};
		F2E46DB2216AECBC0066A068 /* Products */ = {
			isa = PBXGroup;
			children = (
				F2E46DB1216AECBC0066A068 /* CYToolkit.app */,
				F2E46DC9216AECBD0066A068 /* CYToolkitTests.xctest */,
				F2E46DD4216AECBD0066A068 /* CYToolkitUITests.xctest */,
			);
			name = Products;
			sourceTree = "<group>";
		};
		F2E46DB3216AECBC0066A068 /* CYToolkit */ = {
			isa = PBXGroup;
			children = (
				F2A39190223111C10036F827 /* Test */,
				F2E46DB4216AECBC0066A068 /* AppDelegate.h */,
				F2E46DB5216AECBC0066A068 /* AppDelegate.m */,
				F2E46DB7216AECBC0066A068 /* ViewController.h */,
				F2E46DB8216AECBC0066A068 /* ViewController.m */,
				F2E46DBA216AECBC0066A068 /* Main.storyboard */,
				F2E46DBD216AECBD0066A068 /* Assets.xcassets */,
				F2E46DBF216AECBD0066A068 /* LaunchScreen.storyboard */,
				F2E46DC2216AECBD0066A068 /* Info.plist */,
				F2E46DC3216AECBD0066A068 /* main.m */,
			);
			path = CYToolkit;
			sourceTree = "<group>";
		};
		F2E46DCC216AECBD0066A068 /* CYToolkitTests */ = {
			isa = PBXGroup;
			children = (
				F2E46DCD216AECBD0066A068 /* CYToolkitTests.m */,
				F2E46DCF216AECBD0066A068 /* Info.plist */,
			);
			path = CYToolkitTests;
			sourceTree = "<group>";
		};
		F2E46DD7216AECBD0066A068 /* CYToolkitUITests */ = {
			isa = PBXGroup;
			children = (
				F2E46DD8216AECBD0066A068 /* CYToolkitUITests.m */,
				F2E46DDA216AECBD0066A068 /* Info.plist */,
			);
			path = CYToolkitUITests;
			sourceTree = "<group>";
		};
		F2E46DE6216AF4A40066A068 /* Classes */ = {
			isa = PBXGroup;
			children = (
				F2E46E2F216B29C40066A068 /* CYToolkit.h */,
				F2458D58219406070094C41E /* CYDefinitions.h */,
				F2A38F5D222E57F60036F827 /* Tools */,
				F2E46E01216AF94D0066A068 /* CAAnimation */,
				F2E46E02216AF94F0066A068 /* CLLocation */,
				F2F6C12B216DE82300B5DD2E /* Compatible */,
				F2E46DFC216AF93D0066A068 /* NSDate */,
				F2E46E06216AF99D0066A068 /* NSDecimalNumber */,
				F267D7F4218FEF8A0043C680 /* NSObject */,
				F2E46DFD216AF9440066A068 /* NSString */,
				F2E46E05216AF99A0066A068 /* UIButton */,
				F2E46E04216AF9980066A068 /* UIColor */,
				F2E46E03216AF9520066A068 /* UIDevice */,
				F2E46E07216AF9BA0066A068 /* UIFont */,
				F206044D21C0AC150016DD66 /* UIImage */,
				F206044221C09C140016DD66 /* UIImageView */,
				F2E46DFE216AF9460066A068 /* UIView */,
				F2E46E2B216B22910066A068 /* UIViewController */,
				F2E46E00216AF94B0066A068 /* UIWebView */,
			);
			path = Classes;
			sourceTree = "<group>";
		};
		F2E46DFC216AF93D0066A068 /* NSDate */ = {
			isa = PBXGroup;
			children = (
				F2E46E08216AFA900066A068 /* NSDate+CYCategory.h */,
				F2E46E09216AFA900066A068 /* NSDate+CYCategory.m */,
			);
			path = NSDate;
			sourceTree = "<group>";
		};
		F2E46DFD216AF9440066A068 /* NSString */ = {
			isa = PBXGroup;
			children = (
				F2E46E11216AFC940066A068 /* NSString+CYCategory.h */,
				F2E46E12216AFC940066A068 /* NSString+CYCategory.m */,
			);
			path = NSString;
			sourceTree = "<group>";
		};
		F2E46DFE216AF9460066A068 /* UIView */ = {
			isa = PBXGroup;
			children = (
				F2E46E1D216AFFA10066A068 /* UIView+CYCategory.h */,
				F2E46E1E216AFFA10066A068 /* UIView+CYCategory.m */,
				F206044A21C0A6040016DD66 /* CYToastView.h */,
				F206044B21C0A6040016DD66 /* CYToastView.m */,
			);
			path = UIView;
			sourceTree = "<group>";
		};
		F2E46E00216AF94B0066A068 /* UIWebView */ = {
			isa = PBXGroup;
			children = (
				F2E46E20216B01170066A068 /* UIWebView+CYCategory.h */,
				F2E46E21216B01170066A068 /* UIWebView+CYCategory.m */,
			);
			path = UIWebView;
			sourceTree = "<group>";
		};
		F2E46E01216AF94D0066A068 /* CAAnimation */ = {
			isa = PBXGroup;
			children = (
				F2E46DF9216AF8D70066A068 /* CAAnimation+CYCategory.h */,
				F2E46DFA216AF8D70066A068 /* CAAnimation+CYCategory.m */,
			);
			path = CAAnimation;
			sourceTree = "<group>";
		};
		F2E46E02216AF94F0066A068 /* CLLocation */ = {
			isa = PBXGroup;
			children = (
				F2E46DEA216AF4FD0066A068 /* CYLocation.h */,
				F2E46DEB216AF4FD0066A068 /* CYLocation.m */,
				F2E46DF6216AF7D10066A068 /* CLLocation+CYCategory.h */,
				F2E46DF7216AF7D10066A068 /* CLLocation+CYCategory.m */,
			);
			path = CLLocation;
			sourceTree = "<group>";
		};
		F2E46E03216AF9520066A068 /* UIDevice */ = {
			isa = PBXGroup;
			children = (
				F2E46DED216AF6400066A068 /* UIDevice+CYCategory.h */,
				F2E46DEE216AF6400066A068 /* UIDevice+CYCategory.m */,
				F2E46DF0216AF68E0066A068 /* CYIdfa.h */,
				F2E46DF1216AF68E0066A068 /* CYIdfa.m */,
				F2E46DF3216AF7030066A068 /* CYKeychain.h */,
				F2E46DF4216AF7030066A068 /* CYKeychain.m */,
			);
			path = UIDevice;
			sourceTree = "<group>";
		};
		F2E46E04216AF9980066A068 /* UIColor */ = {
			isa = PBXGroup;
			children = (
				F2E46E17216AFD840066A068 /* UIColor+CYCategory.h */,
				F2E46E18216AFD840066A068 /* UIColor+CYCategory.m */,
			);
			path = UIColor;
			sourceTree = "<group>";
		};
		F2E46E05216AF99A0066A068 /* UIButton */ = {
			isa = PBXGroup;
			children = (
				F2E46E14216AFD480066A068 /* UIButton+CYCategory.h */,
				F2E46E15216AFD480066A068 /* UIButton+CYCategory.m */,
			);
			path = UIButton;
			sourceTree = "<group>";
		};
		F2E46E06216AF99D0066A068 /* NSDecimalNumber */ = {
			isa = PBXGroup;
			children = (
				F2E46E0B216AFAF90066A068 /* NSDecimalNumber+CYCategory.h */,
				F2E46E0C216AFAF90066A068 /* NSDecimalNumber+CYCategory.m */,
			);
			path = NSDecimalNumber;
			sourceTree = "<group>";
		};
		F2E46E07216AF9BA0066A068 /* UIFont */ = {
			isa = PBXGroup;
			children = (
				F2E46E1A216AFDC20066A068 /* UIFont+CYCategory.h */,
				F2E46E1B216AFDC20066A068 /* UIFont+CYCategory.m */,
			);
			path = UIFont;
			sourceTree = "<group>";
		};
		F2E46E2B216B22910066A068 /* UIViewController */ = {
			isa = PBXGroup;
			children = (
				F2E46E2C216B22AF0066A068 /* UIViewController+CYCategory.h */,
				F2E46E2D216B22AF0066A068 /* UIViewController+CYCategory.m */,
			);
			path = UIViewController;
			sourceTree = "<group>";
		};
		F2F6C12B216DE82300B5DD2E /* Compatible */ = {
			isa = PBXGroup;
			children = (
				F2F6C12C216DE88F00B5DD2E /* CYCompatible.h */,
				F2F6C12D216DE88F00B5DD2E /* CYCompatible.m */,
			);
			path = Compatible;
			sourceTree = "<group>";
		};
		FE56527DA585D6F9C1929DC2 /* Frameworks */ = {
			isa = PBXGroup;
			children = (
				C14EC1C4B380C4897C1453EF /* libPods-CYToolkit.a */,
			);
			name = Frameworks;
			sourceTree = "<group>";
		};
/* End PBXGroup section */

/* Begin PBXNativeTarget section */
		F2E46DB0216AECBC0066A068 /* CYToolkit */ = {
			isa = PBXNativeTarget;
			buildConfigurationList = F2E46DDD216AECBD0066A068 /* Build configuration list for PBXNativeTarget "CYToolkit" */;
			buildPhases = (
				D9C197B72AF0A012F5406C81 /* [CP] Check Pods Manifest.lock */,
				F2E46DAD216AECBC0066A068 /* Sources */,
				F2E46DAE216AECBC0066A068 /* Frameworks */,
				F2E46DAF216AECBC0066A068 /* Resources */,
			);
			buildRules = (
			);
			dependencies = (
			);
			name = CYToolkit;
			productName = CYToolkit;
			productReference = F2E46DB1216AECBC0066A068 /* CYToolkit.app */;
			productType = "com.apple.product-type.application";
		};
		F2E46DC8216AECBD0066A068 /* CYToolkitTests */ = {
			isa = PBXNativeTarget;
			buildConfigurationList = F2E46DE0216AECBD0066A068 /* Build configuration list for PBXNativeTarget "CYToolkitTests" */;
			buildPhases = (
				F2E46DC5216AECBD0066A068 /* Sources */,
				F2E46DC6216AECBD0066A068 /* Frameworks */,
				F2E46DC7216AECBD0066A068 /* Resources */,
			);
			buildRules = (
			);
			dependencies = (
				F2E46DCB216AECBD0066A068 /* PBXTargetDependency */,
			);
			name = CYToolkitTests;
			productName = CYToolkitTests;
			productReference = F2E46DC9216AECBD0066A068 /* CYToolkitTests.xctest */;
			productType = "com.apple.product-type.bundle.unit-test";
		};
		F2E46DD3216AECBD0066A068 /* CYToolkitUITests */ = {
			isa = PBXNativeTarget;
			buildConfigurationList = F2E46DE3216AECBD0066A068 /* Build configuration list for PBXNativeTarget "CYToolkitUITests" */;
			buildPhases = (
				F2E46DD0216AECBD0066A068 /* Sources */,
				F2E46DD1216AECBD0066A068 /* Frameworks */,
				F2E46DD2216AECBD0066A068 /* Resources */,
			);
			buildRules = (
			);
			dependencies = (
				F2E46DD6216AECBD0066A068 /* PBXTargetDependency */,
			);
			name = CYToolkitUITests;
			productName = CYToolkitUITests;
			productReference = F2E46DD4216AECBD0066A068 /* CYToolkitUITests.xctest */;
			productType = "com.apple.product-type.bundle.ui-testing";
		};
/* End PBXNativeTarget section */

/* Begin PBXProject section */
		F2E46DA9216AECBC0066A068 /* Project object */ = {
			isa = PBXProject;
			attributes = {
				LastUpgradeCheck = 1000;
				ORGANIZATIONNAME = "杨一凡";
				TargetAttributes = {
					F2E46DB0216AECBC0066A068 = {
						CreatedOnToolsVersion = 10.0;
					};
					F2E46DC8216AECBD0066A068 = {
						CreatedOnToolsVersion = 10.0;
						TestTargetID = F2E46DB0216AECBC0066A068;
					};
					F2E46DD3216AECBD0066A068 = {
						CreatedOnToolsVersion = 10.0;
						TestTargetID = F2E46DB0216AECBC0066A068;
					};
				};
			};
			buildConfigurationList = F2E46DAC216AECBC0066A068 /* Build configuration list for PBXProject "CYToolkit" */;
			compatibilityVersion = "Xcode 9.3";
			developmentRegion = en;
			hasScannedForEncodings = 0;
			knownRegions = (
				en,
				Base,
			);
			mainGroup = F2E46DA8216AECBC0066A068;
			productRefGroup = F2E46DB2216AECBC0066A068 /* Products */;
			projectDirPath = "";
			projectRoot = "";
			targets = (
				F2E46DB0216AECBC0066A068 /* CYToolkit */,
				F2E46DC8216AECBD0066A068 /* CYToolkitTests */,
				F2E46DD3216AECBD0066A068 /* CYToolkitUITests */,
			);
		};
/* End PBXProject section */

/* Begin PBXResourcesBuildPhase section */
		F2E46DAF216AECBC0066A068 /* Resources */ = {
			isa = PBXResourcesBuildPhase;
			buildActionMask = 2147483647;
			files = (
				F2E46DC1216AECBD0066A068 /* LaunchScreen.storyboard in Resources */,
				F2E46DBE216AECBD0066A068 /* Assets.xcassets in Resources */,
				F2E46DBC216AECBC0066A068 /* Main.storyboard in Resources */,
				F2A3919A223112530036F827 /* CYVoiceTestViewController.xib in Resources */,
				F2A391A02231127B0036F827 /* CYVideoTestViewController.xib in Resources */,
			);
			runOnlyForDeploymentPostprocessing = 0;
		};
		F2E46DC7216AECBD0066A068 /* Resources */ = {
			isa = PBXResourcesBuildPhase;
			buildActionMask = 2147483647;
			files = (
			);
			runOnlyForDeploymentPostprocessing = 0;
		};
		F2E46DD2216AECBD0066A068 /* Resources */ = {
			isa = PBXResourcesBuildPhase;
			buildActionMask = 2147483647;
			files = (
			);
			runOnlyForDeploymentPostprocessing = 0;
		};
/* End PBXResourcesBuildPhase section */

/* Begin PBXShellScriptBuildPhase section */
		D9C197B72AF0A012F5406C81 /* [CP] Check Pods Manifest.lock */ = {
			isa = PBXShellScriptBuildPhase;
			buildActionMask = 2147483647;
			files = (
			);
			inputFileListPaths = (
			);
			inputPaths = (
				"${PODS_PODFILE_DIR_PATH}/Podfile.lock",
				"${PODS_ROOT}/Manifest.lock",
			);
			name = "[CP] Check Pods Manifest.lock";
			outputFileListPaths = (
			);
			outputPaths = (
				"$(DERIVED_FILE_DIR)/Pods-CYToolkit-checkManifestLockResult.txt",
			);
			runOnlyForDeploymentPostprocessing = 0;
			shellPath = /bin/sh;
			shellScript = "diff \"${PODS_PODFILE_DIR_PATH}/Podfile.lock\" \"${PODS_ROOT}/Manifest.lock\" > /dev/null\nif [ $? != 0 ] ; then\n    # print error to STDERR\n    echo \"error: The sandbox is not in sync with the Podfile.lock. Run 'pod install' or update your CocoaPods installation.\" >&2\n    exit 1\nfi\n# This output is used by Xcode 'outputs' to avoid re-running this script phase.\necho \"SUCCESS\" > \"${SCRIPT_OUTPUT_FILE_0}\"\n";
			showEnvVarsInLog = 0;
		};
/* End PBXShellScriptBuildPhase section */

/* Begin PBXSourcesBuildPhase section */
		F2E46DAD216AECBC0066A068 /* Sources */ = {
			isa = PBXSourcesBuildPhase;
			buildActionMask = 2147483647;
			files = (
				F2E46E1C216AFDC20066A068 /* UIFont+CYCategory.m in Sources */,
				F2A3917F2230BBEA0036F827 /* CYVoiceRecorder.m in Sources */,
				F2A39199223112530036F827 /* CYVoiceTestViewController.m in Sources */,
				F267D7F7218FEFB70043C680 /* NSObject+CYCategory.m in Sources */,
				F2A3919F2231127B0036F827 /* CYVideoTestViewController.m in Sources */,
				F2E46DEC216AF4FD0066A068 /* CYLocation.m in Sources */,
				F206043A21BFC16C0016DD66 /* LYSmartImageView.m in Sources */,
				F2A3918A2230CF1D0036F827 /* SDAVAssetExportSession.m in Sources */,
				F2E46E13216AFC940066A068 /* NSString+CYCategory.m in Sources */,
				F206044121BFC5270016DD66 /* CYBigImageView.m in Sources */,
				F206044C21C0A6040016DD66 /* CYToastView.m in Sources */,
				F2E46DF2216AF68E0066A068 /* CYIdfa.m in Sources */,
				F2A38F63222E61340036F827 /* CYVideoToolTestViewController.m in Sources */,
				F2A391752230BB730036F827 /* CYVideoRecorder.m in Sources */,
				F2E46DF5216AF7030066A068 /* CYKeychain.m in Sources */,
				F2E46DFB216AF8D70066A068 /* CAAnimation+CYCategory.m in Sources */,
				F2A391822230BBF80036F827 /* CYVoiceCompressor.m in Sources */,
				F2A391782230BBA90036F827 /* CYVideoCompressor.m in Sources */,
				F2E46E0A216AFA900066A068 /* NSDate+CYCategory.m in Sources */,
				F2E46DB9216AECBC0066A068 /* ViewController.m in Sources */,
				F2E46E19216AFD840066A068 /* UIColor+CYCategory.m in Sources */,
				F2A391852230BC060036F827 /* CYVoicePlayer.m in Sources */,
				F2E46E16216AFD480066A068 /* UIButton+CYCategory.m in Sources */,
				F206044521C09C450016DD66 /* UIImageView+CYCategory.m in Sources */,
				F2F6C12E216DE88F00B5DD2E /* CYCompatible.m in Sources */,
				F2E46E2E216B22AF0066A068 /* UIViewController+CYCategory.m in Sources */,
				F2A38F60222E583A0036F827 /* CYVideoTool.m in Sources */,
				F2E46DC4216AECBD0066A068 /* main.m in Sources */,
				F206045021C0AC480016DD66 /* UIImage+CYCategory.m in Sources */,
				F2E46E0D216AFAF90066A068 /* NSDecimalNumber+CYCategory.m in Sources */,
				F2A3917C2230BBBC0036F827 /* CYVideoPlayer.m in Sources */,
				F2E46E1F216AFFA10066A068 /* UIView+CYCategory.m in Sources */,
				F2E46E22216B01170066A068 /* UIWebView+CYCategory.m in Sources */,
				F2E46DB6216AECBC0066A068 /* AppDelegate.m in Sources */,
				F2E46DEF216AF6400066A068 /* UIDevice+CYCategory.m in Sources */,
				F2E46DF8216AF7D10066A068 /* CLLocation+CYCategory.m in Sources */,
			);
			runOnlyForDeploymentPostprocessing = 0;
		};
		F2E46DC5216AECBD0066A068 /* Sources */ = {
			isa = PBXSourcesBuildPhase;
			buildActionMask = 2147483647;
			files = (
				F2E46DCE216AECBD0066A068 /* CYToolkitTests.m in Sources */,
			);
			runOnlyForDeploymentPostprocessing = 0;
		};
		F2E46DD0216AECBD0066A068 /* Sources */ = {
			isa = PBXSourcesBuildPhase;
			buildActionMask = 2147483647;
			files = (
				F2E46DD9216AECBD0066A068 /* CYToolkitUITests.m in Sources */,
			);
			runOnlyForDeploymentPostprocessing = 0;
		};
/* End PBXSourcesBuildPhase section */

/* Begin PBXTargetDependency section */
		F2E46DCB216AECBD0066A068 /* PBXTargetDependency */ = {
			isa = PBXTargetDependency;
			target = F2E46DB0216AECBC0066A068 /* CYToolkit */;
			targetProxy = F2E46DCA216AECBD0066A068 /* PBXContainerItemProxy */;
		};
		F2E46DD6216AECBD0066A068 /* PBXTargetDependency */ = {
			isa = PBXTargetDependency;
			target = F2E46DB0216AECBC0066A068 /* CYToolkit */;
			targetProxy = F2E46DD5216AECBD0066A068 /* PBXContainerItemProxy */;
		};
/* End PBXTargetDependency section */

/* Begin PBXVariantGroup section */
		F2E46DBA216AECBC0066A068 /* Main.storyboard */ = {
			isa = PBXVariantGroup;
			children = (
				F2E46DBB216AECBC0066A068 /* Base */,
			);
			name = Main.storyboard;
			sourceTree = "<group>";
		};
		F2E46DBF216AECBD0066A068 /* LaunchScreen.storyboard */ = {
			isa = PBXVariantGroup;
			children = (
				F2E46DC0216AECBD0066A068 /* Base */,
			);
			name = LaunchScreen.storyboard;
			sourceTree = "<group>";
		};
/* End PBXVariantGroup section */

/* Begin XCBuildConfiguration section */
		F2E46DDB216AECBD0066A068 /* Debug */ = {
			isa = XCBuildConfiguration;
			buildSettings = {
				ALWAYS_SEARCH_USER_PATHS = NO;
				CLANG_ANALYZER_NONNULL = YES;
				CLANG_ANALYZER_NUMBER_OBJECT_CONVERSION = YES_AGGRESSIVE;
				CLANG_CXX_LANGUAGE_STANDARD = "gnu++14";
				CLANG_CXX_LIBRARY = "libc++";
				CLANG_ENABLE_MODULES = YES;
				CLANG_ENABLE_OBJC_ARC = YES;
				CLANG_ENABLE_OBJC_WEAK = YES;
				CLANG_WARN_BLOCK_CAPTURE_AUTORELEASING = YES;
				CLANG_WARN_BOOL_CONVERSION = YES;
				CLANG_WARN_COMMA = YES;
				CLANG_WARN_CONSTANT_CONVERSION = YES;
				CLANG_WARN_DEPRECATED_OBJC_IMPLEMENTATIONS = YES;
				CLANG_WARN_DIRECT_OBJC_ISA_USAGE = YES_ERROR;
				CLANG_WARN_DOCUMENTATION_COMMENTS = YES;
				CLANG_WARN_EMPTY_BODY = YES;
				CLANG_WARN_ENUM_CONVERSION = YES;
				CLANG_WARN_INFINITE_RECURSION = YES;
				CLANG_WARN_INT_CONVERSION = YES;
				CLANG_WARN_NON_LITERAL_NULL_CONVERSION = YES;
				CLANG_WARN_OBJC_IMPLICIT_RETAIN_SELF = YES;
				CLANG_WARN_OBJC_LITERAL_CONVERSION = YES;
				CLANG_WARN_OBJC_ROOT_CLASS = YES_ERROR;
				CLANG_WARN_RANGE_LOOP_ANALYSIS = YES;
				CLANG_WARN_STRICT_PROTOTYPES = YES;
				CLANG_WARN_SUSPICIOUS_MOVE = YES;
				CLANG_WARN_UNGUARDED_AVAILABILITY = YES_AGGRESSIVE;
				CLANG_WARN_UNREACHABLE_CODE = YES;
				CLANG_WARN__DUPLICATE_METHOD_MATCH = YES;
				CODE_SIGN_IDENTITY = "iPhone Developer";
				COPY_PHASE_STRIP = NO;
				DEBUG_INFORMATION_FORMAT = dwarf;
				ENABLE_STRICT_OBJC_MSGSEND = YES;
				ENABLE_TESTABILITY = YES;
				GCC_C_LANGUAGE_STANDARD = gnu11;
				GCC_DYNAMIC_NO_PIC = NO;
				GCC_NO_COMMON_BLOCKS = YES;
				GCC_OPTIMIZATION_LEVEL = 0;
				GCC_PREPROCESSOR_DEFINITIONS = (
					"DEBUG=1",
					"$(inherited)",
				);
				GCC_WARN_64_TO_32_BIT_CONVERSION = YES;
				GCC_WARN_ABOUT_RETURN_TYPE = YES_ERROR;
				GCC_WARN_UNDECLARED_SELECTOR = YES;
				GCC_WARN_UNINITIALIZED_AUTOS = YES_AGGRESSIVE;
				GCC_WARN_UNUSED_FUNCTION = YES;
				GCC_WARN_UNUSED_VARIABLE = YES;
				IPHONEOS_DEPLOYMENT_TARGET = 12.0;
				MTL_ENABLE_DEBUG_INFO = INCLUDE_SOURCE;
				MTL_FAST_MATH = YES;
				ONLY_ACTIVE_ARCH = YES;
				SDKROOT = iphoneos;
			};
			name = Debug;
		};
		F2E46DDC216AECBD0066A068 /* Release */ = {
			isa = XCBuildConfiguration;
			buildSettings = {
				ALWAYS_SEARCH_USER_PATHS = NO;
				CLANG_ANALYZER_NONNULL = YES;
				CLANG_ANALYZER_NUMBER_OBJECT_CONVERSION = YES_AGGRESSIVE;
				CLANG_CXX_LANGUAGE_STANDARD = "gnu++14";
				CLANG_CXX_LIBRARY = "libc++";
				CLANG_ENABLE_MODULES = YES;
				CLANG_ENABLE_OBJC_ARC = YES;
				CLANG_ENABLE_OBJC_WEAK = YES;
				CLANG_WARN_BLOCK_CAPTURE_AUTORELEASING = YES;
				CLANG_WARN_BOOL_CONVERSION = YES;
				CLANG_WARN_COMMA = YES;
				CLANG_WARN_CONSTANT_CONVERSION = YES;
				CLANG_WARN_DEPRECATED_OBJC_IMPLEMENTATIONS = YES;
				CLANG_WARN_DIRECT_OBJC_ISA_USAGE = YES_ERROR;
				CLANG_WARN_DOCUMENTATION_COMMENTS = YES;
				CLANG_WARN_EMPTY_BODY = YES;
				CLANG_WARN_ENUM_CONVERSION = YES;
				CLANG_WARN_INFINITE_RECURSION = YES;
				CLANG_WARN_INT_CONVERSION = YES;
				CLANG_WARN_NON_LITERAL_NULL_CONVERSION = YES;
				CLANG_WARN_OBJC_IMPLICIT_RETAIN_SELF = YES;
				CLANG_WARN_OBJC_LITERAL_CONVERSION = YES;
				CLANG_WARN_OBJC_ROOT_CLASS = YES_ERROR;
				CLANG_WARN_RANGE_LOOP_ANALYSIS = YES;
				CLANG_WARN_STRICT_PROTOTYPES = YES;
				CLANG_WARN_SUSPICIOUS_MOVE = YES;
				CLANG_WARN_UNGUARDED_AVAILABILITY = YES_AGGRESSIVE;
				CLANG_WARN_UNREACHABLE_CODE = YES;
				CLANG_WARN__DUPLICATE_METHOD_MATCH = YES;
				CODE_SIGN_IDENTITY = "iPhone Developer";
				COPY_PHASE_STRIP = NO;
				DEBUG_INFORMATION_FORMAT = "dwarf-with-dsym";
				ENABLE_NS_ASSERTIONS = NO;
				ENABLE_STRICT_OBJC_MSGSEND = YES;
				GCC_C_LANGUAGE_STANDARD = gnu11;
				GCC_NO_COMMON_BLOCKS = YES;
				GCC_WARN_64_TO_32_BIT_CONVERSION = YES;
				GCC_WARN_ABOUT_RETURN_TYPE = YES_ERROR;
				GCC_WARN_UNDECLARED_SELECTOR = YES;
				GCC_WARN_UNINITIALIZED_AUTOS = YES_AGGRESSIVE;
				GCC_WARN_UNUSED_FUNCTION = YES;
				GCC_WARN_UNUSED_VARIABLE = YES;
				IPHONEOS_DEPLOYMENT_TARGET = 12.0;
				MTL_ENABLE_DEBUG_INFO = NO;
				MTL_FAST_MATH = YES;
				SDKROOT = iphoneos;
				VALIDATE_PRODUCT = YES;
			};
			name = Release;
		};
		F2E46DDE216AECBD0066A068 /* Debug */ = {
			isa = XCBuildConfiguration;
			baseConfigurationReference = 0B49B4CFF47C7F854DFCB5C1 /* Pods-CYToolkit.debug.xcconfig */;
			buildSettings = {
				ASSETCATALOG_COMPILER_APPICON_NAME = AppIcon;
				CODE_SIGN_STYLE = Automatic;
				DEVELOPMENT_TEAM = 67KFM65GB3;
				ENABLE_BITCODE = NO;
				INFOPLIST_FILE = CYToolkit/Info.plist;
				IPHONEOS_DEPLOYMENT_TARGET = 8.0;
				LD_RUNPATH_SEARCH_PATHS = (
					"$(inherited)",
					"@executable_path/Frameworks",
				);
				LIBRARY_SEARCH_PATHS = (
					"$(inherited)",
					"$(PROJECT_DIR)/Classes/Tools/Voice/Compress/Lame",
				);
				PRODUCT_BUNDLE_IDENTIFIER = Chris.CYToolkit;
				PRODUCT_NAME = "$(TARGET_NAME)";
				TARGETED_DEVICE_FAMILY = "1,2";
			};
			name = Debug;
		};
		F2E46DDF216AECBD0066A068 /* Release */ = {
			isa = XCBuildConfiguration;
			baseConfigurationReference = 501CF6E5202CBA7199034EE8 /* Pods-CYToolkit.release.xcconfig */;
			buildSettings = {
				ASSETCATALOG_COMPILER_APPICON_NAME = AppIcon;
				CODE_SIGN_STYLE = Automatic;
				DEVELOPMENT_TEAM = 67KFM65GB3;
				ENABLE_BITCODE = NO;
				INFOPLIST_FILE = CYToolkit/Info.plist;
				IPHONEOS_DEPLOYMENT_TARGET = 8.0;
				LD_RUNPATH_SEARCH_PATHS = (
					"$(inherited)",
					"@executable_path/Frameworks",
				);
				LIBRARY_SEARCH_PATHS = (
					"$(inherited)",
					"$(PROJECT_DIR)/Classes/Tools/Voice/Compress/Lame",
				);
				PRODUCT_BUNDLE_IDENTIFIER = Chris.CYToolkit;
				PRODUCT_NAME = "$(TARGET_NAME)";
				TARGETED_DEVICE_FAMILY = "1,2";
			};
			name = Release;
		};
		F2E46DE1216AECBD0066A068 /* Debug */ = {
			isa = XCBuildConfiguration;
			buildSettings = {
				BUNDLE_LOADER = "$(TEST_HOST)";
				CODE_SIGN_STYLE = Automatic;
				DEVELOPMENT_TEAM = 67KFM65GB3;
				INFOPLIST_FILE = CYToolkitTests/Info.plist;
				LD_RUNPATH_SEARCH_PATHS = (
					"$(inherited)",
					"@executable_path/Frameworks",
					"@loader_path/Frameworks",
				);
				PRODUCT_BUNDLE_IDENTIFIER = Chris.CYToolkitTests;
				PRODUCT_NAME = "$(TARGET_NAME)";
				TARGETED_DEVICE_FAMILY = "1,2";
				TEST_HOST = "$(BUILT_PRODUCTS_DIR)/CYToolkit.app/CYToolkit";
			};
			name = Debug;
		};
		F2E46DE2216AECBD0066A068 /* Release */ = {
			isa = XCBuildConfiguration;
			buildSettings = {
				BUNDLE_LOADER = "$(TEST_HOST)";
				CODE_SIGN_STYLE = Automatic;
				DEVELOPMENT_TEAM = 67KFM65GB3;
				INFOPLIST_FILE = CYToolkitTests/Info.plist;
				LD_RUNPATH_SEARCH_PATHS = (
					"$(inherited)",
					"@executable_path/Frameworks",
					"@loader_path/Frameworks",
				);
				PRODUCT_BUNDLE_IDENTIFIER = Chris.CYToolkitTests;
				PRODUCT_NAME = "$(TARGET_NAME)";
				TARGETED_DEVICE_FAMILY = "1,2";
				TEST_HOST = "$(BUILT_PRODUCTS_DIR)/CYToolkit.app/CYToolkit";
			};
			name = Release;
		};
		F2E46DE4216AECBD0066A068 /* Debug */ = {
			isa = XCBuildConfiguration;
			buildSettings = {
				CODE_SIGN_STYLE = Automatic;
				DEVELOPMENT_TEAM = 67KFM65GB3;
				INFOPLIST_FILE = CYToolkitUITests/Info.plist;
				LD_RUNPATH_SEARCH_PATHS = (
					"$(inherited)",
					"@executable_path/Frameworks",
					"@loader_path/Frameworks",
				);
				PRODUCT_BUNDLE_IDENTIFIER = Chris.CYToolkitUITests;
				PRODUCT_NAME = "$(TARGET_NAME)";
				TARGETED_DEVICE_FAMILY = "1,2";
				TEST_TARGET_NAME = CYToolkit;
			};
			name = Debug;
		};
		F2E46DE5216AECBD0066A068 /* Release */ = {
			isa = XCBuildConfiguration;
			buildSettings = {
				CODE_SIGN_STYLE = Automatic;
				DEVELOPMENT_TEAM = 67KFM65GB3;
				INFOPLIST_FILE = CYToolkitUITests/Info.plist;
				LD_RUNPATH_SEARCH_PATHS = (
					"$(inherited)",
					"@executable_path/Frameworks",
					"@loader_path/Frameworks",
				);
				PRODUCT_BUNDLE_IDENTIFIER = Chris.CYToolkitUITests;
				PRODUCT_NAME = "$(TARGET_NAME)";
				TARGETED_DEVICE_FAMILY = "1,2";
				TEST_TARGET_NAME = CYToolkit;
			};
			name = Release;
		};
/* End XCBuildConfiguration section */

/* Begin XCConfigurationList section */
		F2E46DAC216AECBC0066A068 /* Build configuration list for PBXProject "CYToolkit" */ = {
			isa = XCConfigurationList;
			buildConfigurations = (
				F2E46DDB216AECBD0066A068 /* Debug */,
				F2E46DDC216AECBD0066A068 /* Release */,
			);
			defaultConfigurationIsVisible = 0;
			defaultConfigurationName = Release;
		};
		F2E46DDD216AECBD0066A068 /* Build configuration list for PBXNativeTarget "CYToolkit" */ = {
			isa = XCConfigurationList;
			buildConfigurations = (
				F2E46DDE216AECBD0066A068 /* Debug */,
				F2E46DDF216AECBD0066A068 /* Release */,
			);
			defaultConfigurationIsVisible = 0;
			defaultConfigurationName = Release;
		};
		F2E46DE0216AECBD0066A068 /* Build configuration list for PBXNativeTarget "CYToolkitTests" */ = {
			isa = XCConfigurationList;
			buildConfigurations = (
				F2E46DE1216AECBD0066A068 /* Debug */,
				F2E46DE2216AECBD0066A068 /* Release */,
			);
			defaultConfigurationIsVisible = 0;
			defaultConfigurationName = Release;
		};
		F2E46DE3216AECBD0066A068 /* Build configuration list for PBXNativeTarget "CYToolkitUITests" */ = {
			isa = XCConfigurationList;
			buildConfigurations = (
				F2E46DE4216AECBD0066A068 /* Debug */,
				F2E46DE5216AECBD0066A068 /* Release */,
			);
			defaultConfigurationIsVisible = 0;
			defaultConfigurationName = Release;
		};
/* End XCConfigurationList section */
	};
	rootObject = F2E46DA9216AECBC0066A068 /* Project object */;
}
